
Microsoft Visual Studio Solution File, Format Version 12.00
# Visual Studio Version 17
VisualStudioVersion = 17.0.32112.339
MinimumVisualStudioVersion = 10.0.40219.1
Project("{FAE04EC0-301F-11D3-BF4B-00C04F79EFBC}") = "aula 13 de março", "aula 13 de março\aula 13 de março.csproj", "{4B0116DA-2AA1-4777-B77E-F7203F9D6B38}"
EndProject
Project("{FAE04EC0-301F-11D3-BF4B-00C04F79EFBC}") = "Teste", "Teste\Teste.csproj", "{40D0DA44-633E-4847-AF72-1F132511A168}"
EndProject
Global
	GlobalSection(SolutionConfigurationPlatforms) = preSolution
		Debug|Any CPU = Debug|Any CPU
		Release|Any CPU = Release|Any CPU
	EndGlobalSection
	GlobalSection(ProjectConfigurationPlatforms) = postSolution
		{4B0116DA-2AA1-4777-B77E-F7203F9D6B38}.Debug|Any CPU.ActiveCfg = Debug|Any CPU
		{4B0116DA-2AA1-4777-B77E-F7203F9D6B38}.Debug|Any CPU.Build.0 = Debug|Any CPU
		{4B0116DA-2AA1-4777-B77E-F7203F9D6B38}.Release|Any CPU.ActiveCfg = Release|Any CPU
		{4B0116DA-2AA1-4777-B77E-F7203F9D6B38}.Release|Any CPU.Build.0 = Release|Any CPU
		{40D0DA44-633E-4847-AF72-1F132511A168}.Debug|Any CPU.ActiveCfg = Debug|Any CPU
		{40D0DA44-633E-4847-AF72-1F132511A168}.Debug|Any CPU.Build.0 = Debug|Any CPU
		{40D0DA44-633E-4847-AF72-1F132511A168}.Release|Any CPU.ActiveCfg = Release|Any CPU
		{40D0DA44-633E-4847-AF72-1F132511A168}.Release|Any CPU.Build.0 = Release|Any CPU
	EndGlobalSection
	GlobalSection(SolutionProperties) = preSolution
		HideSolutionNode = FALSE
	EndGlobalSection
	GlobalSection(ExtensibilityGlobals) = postSolution
		SolutionGuid = {1B242E43-1E03-4890-AD36-4DB02AB232BD}
	EndGlobalSection
EndGlobal
